// !$*UTF8*$!
{
	archiveVersion = 1;
	classes = {
	};
	objectVersion = 55;
	objects = {

/* Begin PBXBuildFile section */
		3FCE08D9DB0F30A86CDDD18B /* Pods_WhatTheNews.framework in Frameworks */ = {isa = PBXBuildFile; fileRef = EDB0E64BA3BF29C370CA69BC /* Pods_WhatTheNews.framework */; };
		D3BDE17A285210FE00AEC597 /* AppDelegate.swift in Sources */ = {isa = PBXBuildFile; fileRef = D3BDE179285210FE00AEC597 /* AppDelegate.swift */; };
		D3BDE17C285210FE00AEC597 /* SceneDelegate.swift in Sources */ = {isa = PBXBuildFile; fileRef = D3BDE17B285210FE00AEC597 /* SceneDelegate.swift */; };
		D3BDE181285210FE00AEC597 /* Main.storyboard in Resources */ = {isa = PBXBuildFile; fileRef = D3BDE17F285210FE00AEC597 /* Main.storyboard */; };
		D3BDE1832852110000AEC597 /* Assets.xcassets in Resources */ = {isa = PBXBuildFile; fileRef = D3BDE1822852110000AEC597 /* Assets.xcassets */; };
		D3BDE1862852110000AEC597 /* LaunchScreen.storyboard in Resources */ = {isa = PBXBuildFile; fileRef = D3BDE1842852110000AEC597 /* LaunchScreen.storyboard */; };
		D3BDE18F2852119C00AEC597 /* ApiClient.swift in Sources */ = {isa = PBXBuildFile; fileRef = D3BDE18E2852119C00AEC597 /* ApiClient.swift */; };
		D3BDE191285211AA00AEC597 /* ApiConfiguration.swift in Sources */ = {isa = PBXBuildFile; fileRef = D3BDE190285211AA00AEC597 /* ApiConfiguration.swift */; };
		D3BDE193285211C500AEC597 /* ApiEndPoints.swift in Sources */ = {isa = PBXBuildFile; fileRef = D3BDE192285211C500AEC597 /* ApiEndPoints.swift */; };
/* End PBXBuildFile section */

/* Begin PBXFileReference section */
		5124DE68941F30BDA34E7722 /* Pods-WhatTheNews.debug.xcconfig */ = {isa = PBXFileReference; includeInIndex = 1; lastKnownFileType = text.xcconfig; name = "Pods-WhatTheNews.debug.xcconfig"; path = "Target Support Files/Pods-WhatTheNews/Pods-WhatTheNews.debug.xcconfig"; sourceTree = "<group>"; };
		BDFA8FF2E74B29687DD055A7 /* Pods-WhatTheNews.release.xcconfig */ = {isa = PBXFileReference; includeInIndex = 1; lastKnownFileType = text.xcconfig; name = "Pods-WhatTheNews.release.xcconfig"; path = "Target Support Files/Pods-WhatTheNews/Pods-WhatTheNews.release.xcconfig"; sourceTree = "<group>"; };
		D3BDE176285210FE00AEC597 /* WhatTheNews.app */ = {isa = PBXFileReference; explicitFileType = wrapper.application; includeInIndex = 0; path = WhatTheNews.app; sourceTree = BUILT_PRODUCTS_DIR; };
		D3BDE179285210FE00AEC597 /* AppDelegate.swift */ = {isa = PBXFileReference; lastKnownFileType = sourcecode.swift; path = AppDelegate.swift; sourceTree = "<group>"; };
		D3BDE17B285210FE00AEC597 /* SceneDelegate.swift */ = {isa = PBXFileReference; lastKnownFileType = sourcecode.swift; path = SceneDelegate.swift; sourceTree = "<group>"; };
		D3BDE180285210FE00AEC597 /* Base */ = {isa = PBXFileReference; lastKnownFileType = file.storyboard; name = Base; path = Base.lproj/Main.storyboard; sourceTree = "<group>"; };
		D3BDE1822852110000AEC597 /* Assets.xcassets */ = {isa = PBXFileReference; lastKnownFileType = folder.assetcatalog; path = Assets.xcassets; sourceTree = "<group>"; };
		D3BDE1852852110000AEC597 /* Base */ = {isa = PBXFileReference; lastKnownFileType = file.storyboard; name = Base; path = Base.lproj/LaunchScreen.storyboard; sourceTree = "<group>"; };
		D3BDE1872852110000AEC597 /* Info.plist */ = {isa = PBXFileReference; lastKnownFileType = text.plist.xml; path = Info.plist; sourceTree = "<group>"; };
		D3BDE18E2852119C00AEC597 /* ApiClient.swift */ = {isa = PBXFileReference; lastKnownFileType = sourcecode.swift; path = ApiClient.swift; sourceTree = "<group>"; };
		D3BDE190285211AA00AEC597 /* ApiConfiguration.swift */ = {isa = PBXFileReference; lastKnownFileType = sourcecode.swift; path = ApiConfiguration.swift; sourceTree = "<group>"; };
		D3BDE192285211C500AEC597 /* ApiEndPoints.swift */ = {isa = PBXFileReference; lastKnownFileType = sourcecode.swift; path = ApiEndPoints.swift; sourceTree = "<group>"; };
		EDB0E64BA3BF29C370CA69BC /* Pods_WhatTheNews.framework */ = {isa = PBXFileReference; explicitFileType = wrapper.framework; includeInIndex = 0; path = Pods_WhatTheNews.framework; sourceTree = BUILT_PRODUCTS_DIR; };
/* End PBXFileReference section */

/* Begin PBXFrameworksBuildPhase section */
		D3BDE173285210FE00AEC597 /* Frameworks */ = {
			isa = PBXFrameworksBuildPhase;
			buildActionMask = 2147483647;
			files = (
				3FCE08D9DB0F30A86CDDD18B /* Pods_WhatTheNews.framework in Frameworks */,
			);
			runOnlyForDeploymentPostprocessing = 0;
		};
/* End PBXFrameworksBuildPhase section */

/* Begin PBXGroup section */
		2B2FC6D2BFDB9DAAA8FBD055 /* Frameworks */ = {
			isa = PBXGroup;
			children = (
				EDB0E64BA3BF29C370CA69BC /* Pods_WhatTheNews.framework */,
			);
			name = Frameworks;
			sourceTree = "<group>";
		};
		449F3426870AB2532D10BC9E /* Pods */ = {
			isa = PBXGroup;
			children = (
				5124DE68941F30BDA34E7722 /* Pods-WhatTheNews.debug.xcconfig */,
				BDFA8FF2E74B29687DD055A7 /* Pods-WhatTheNews.release.xcconfig */,
			);
			name = Pods;
			path = Pods;
			sourceTree = "<group>";
		};
		D3BDE16D285210FE00AEC597 = {
			isa = PBXGroup;
			children = (
				D3BDE178285210FE00AEC597 /* WhatTheNews */,
				D3BDE177285210FE00AEC597 /* Products */,
				449F3426870AB2532D10BC9E /* Pods */,
				2B2FC6D2BFDB9DAAA8FBD055 /* Frameworks */,
			);
			sourceTree = "<group>";
		};
		D3BDE177285210FE00AEC597 /* Products */ = {
			isa = PBXGroup;
			children = (
				D3BDE176285210FE00AEC597 /* WhatTheNews.app */,
			);
			name = Products;
			sourceTree = "<group>";
		};
		D3BDE178285210FE00AEC597 /* WhatTheNews */ = {
			isa = PBXGroup;
			children = (
				D3BDE18D2852118C00AEC597 /* Network */,
				D3BDE179285210FE00AEC597 /* AppDelegate.swift */,
				D3BDE17B285210FE00AEC597 /* SceneDelegate.swift */,
				D3BDE17F285210FE00AEC597 /* Main.storyboard */,
				D3BDE1822852110000AEC597 /* Assets.xcassets */,
				D3BDE1842852110000AEC597 /* LaunchScreen.storyboard */,
				D3BDE1872852110000AEC597 /* Info.plist */,
			);
			path = WhatTheNews;
			sourceTree = "<group>";
		};
		D3BDE18D2852118C00AEC597 /* Network */ = {
			isa = PBXGroup;
			children = (
				D3BDE18E2852119C00AEC597 /* ApiClient.swift */,
				D3BDE190285211AA00AEC597 /* ApiConfiguration.swift */,
				D3BDE192285211C500AEC597 /* ApiEndPoints.swift */,
			);
			path = Network;
			sourceTree = "<group>";
		};
/* End PBXGroup section */

/* Begin PBXNativeTarget section */
		D3BDE175285210FE00AEC597 /* WhatTheNews */ = {
			isa = PBXNativeTarget;
			buildConfigurationList = D3BDE18A2852110000AEC597 /* Build configuration list for PBXNativeTarget "WhatTheNews" */;
			buildPhases = (
				B752248E8F10C149AABAF8D2 /* [CP] Check Pods Manifest.lock */,
				D3BDE172285210FE00AEC597 /* Sources */,
				D3BDE173285210FE00AEC597 /* Frameworks */,
				D3BDE174285210FE00AEC597 /* Resources */,
				1C33D3D9CECD2FB44B1E75C4 /* [CP] Embed Pods Frameworks */,
			);
			buildRules = (
			);
			dependencies = (
			);
			name = WhatTheNews;
			productName = WhatTheNews;
			productReference = D3BDE176285210FE00AEC597 /* WhatTheNews.app */;
			productType = "com.apple.product-type.application";
		};
/* End PBXNativeTarget section */

/* Begin PBXProject section */
		D3BDE16E285210FE00AEC597 /* Project object */ = {
			isa = PBXProject;
			attributes = {
				BuildIndependentTargetsInParallel = 1;
				LastSwiftUpdateCheck = 1340;
				LastUpgradeCheck = 1340;
				TargetAttributes = {
					D3BDE175285210FE00AEC597 = {
						CreatedOnToolsVersion = 13.4;
					};
				};
			};
			buildConfigurationList = D3BDE171285210FE00AEC597 /* Build configuration list for PBXProject "WhatTheNews" */;
			compatibilityVersion = "Xcode 13.0";
			developmentRegion = en;
			hasScannedForEncodings = 0;
			knownRegions = (
				en,
				Base,
			);
			mainGroup = D3BDE16D285210FE00AEC597;
			productRefGroup = D3BDE177285210FE00AEC597 /* Products */;
			projectDirPath = "";
			projectRoot = "";
			targets = (
				D3BDE175285210FE00AEC597 /* WhatTheNews */,
			);
		};
/* End PBXProject section */

/* Begin PBXResourcesBuildPhase section */
		D3BDE174285210FE00AEC597 /* Resources */ = {
			isa = PBXResourcesBuildPhase;
			buildActionMask = 2147483647;
			files = (
				D3BDE1862852110000AEC597 /* LaunchScreen.storyboard in Resources */,
				D3BDE1832852110000AEC597 /* Assets.xcassets in Resources */,
				D3BDE181285210FE00AEC597 /* Main.storyboard in Resources */,
			);
			runOnlyForDeploymentPostprocessing = 0;
		};
/* End PBXResourcesBuildPhase section */

/* Begin PBXShellScriptBuildPhase section */
		1C33D3D9CECD2FB44B1E75C4 /* [CP] Embed Pods Frameworks */ = {
			isa = PBXShellScriptBuildPhase;
			buildActionMask = 2147483647;
			files = (
			);
			inputFileListPaths = (
				"${PODS_ROOT}/Target Support Files/Pods-WhatTheNews/Pods-WhatTheNews-frameworks-${CONFIGURATION}-input-files.xcfilelist",
			);
			name = "[CP] Embed Pods Frameworks";
			outputFileListPaths = (
				"${PODS_ROOT}/Target Support Files/Pods-WhatTheNews/Pods-WhatTheNews-frameworks-${CONFIGURATION}-output-files.xcfilelist",
			);
			runOnlyForDeploymentPostprocessing = 0;
			shellPath = /bin/sh;
			shellScript = "\"${PODS_ROOT}/Target Support Files/Pods-WhatTheNews/Pods-WhatTheNews-frameworks.sh\"\n";
			showEnvVarsInLog = 0;
		};
		B752248E8F10C149AABAF8D2 /* [CP] Check Pods Manifest.lock */ = {
			isa = PBXShellScriptBuildPhase;
			buildActionMask = 2147483647;
			files = (
			);
			inputFileListPaths = (
			);
			inputPaths = (
				"${PODS_PODFILE_DIR_PATH}/Podfile.lock",
				"${PODS_ROOT}/Manifest.lock",
			);
			name = "[CP] Check Pods Manifest.lock";
			outputFileListPaths = (
			);
			outputPaths = (
				"$(DERIVED_FILE_DIR)/Pods-WhatTheNews-checkManifestLockResult.txt",
			);
			runOnlyForDeploymentPostprocessing = 0;
			shellPath = /bin/sh;
			shellScript = "diff \"${PODS_PODFILE_DIR_PATH}/Podfile.lock\" \"${PODS_ROOT}/Manifest.lock\" > /dev/null\nif [ $? != 0 ] ; then\n    # print error to STDERR\n    echo \"error: The sandbox is not in sync with the Podfile.lock. Run 'pod install' or update your CocoaPods installation.\" >&2\n    exit 1\nfi\n# This output is used by Xcode 'outputs' to avoid re-running this script phase.\necho \"SUCCESS\" > \"${SCRIPT_OUTPUT_FILE_0}\"\n";
			showEnvVarsInLog = 0;
		};
/* End PBXShellScriptBuildPhase section */

/* Begin PBXSourcesBuildPhase section */
		D3BDE172285210FE00AEC597 /* Sources */ = {
			isa = PBXSourcesBuildPhase;
			buildActionMask = 2147483647;
			files = (
				D3BDE17A285210FE00AEC597 /* AppDelegate.swift in Sources */,
				D3BDE17C285210FE00AEC597 /* SceneDelegate.swift in Sources */,
				D3BDE18F2852119C00AEC597 /* ApiClient.swift in Sources */,
				D3BDE191285211AA00AEC597 /* ApiConfiguration.swift in Sources */,
				D3BDE193285211C500AEC597 /* ApiEndPoints.swift in Sources */,
			);
			runOnlyForDeploymentPostprocessing = 0;
		};
/* End PBXSourcesBuildPhase section */

/* Begin PBXVariantGroup section */
		D3BDE17F285210FE00AEC597 /* Main.storyboard */ = {
			isa = PBXVariantGroup;
			children = (
				D3BDE180285210FE00AEC597 /* Base */,
			);
			name = Main.storyboard;
			sourceTree = "<group>";
		};
		D3BDE1842852110000AEC597 /* LaunchScreen.storyboard */ = {
			isa = PBXVariantGroup;
			children = (
				D3BDE1852852110000AEC597 /* Base */,
			);
			name = LaunchScreen.storyboard;
			sourceTree = "<group>";
		};
/* End PBXVariantGroup section */

/* Begin XCBuildConfiguration section */
		D3BDE1882852110000AEC597 /* Debug */ = {
			isa = XCBuildConfiguration;
			buildSettings = {
				ALWAYS_SEARCH_USER_PATHS = NO;
				CLANG_ANALYZER_NONNULL = YES;
				CLANG_ANALYZER_NUMBER_OBJECT_CONVERSION = YES_AGGRESSIVE;
				CLANG_CXX_LANGUAGE_STANDARD = "gnu++17";
				CLANG_ENABLE_MODULES = YES;
				CLANG_ENABLE_OBJC_ARC = YES;
				CLANG_ENABLE_OBJC_WEAK = YES;
				CLANG_WARN_BLOCK_CAPTURE_AUTORELEASING = YES;
				CLANG_WARN_BOOL_CONVERSION = YES;
				CLANG_WARN_COMMA = YES;
				CLANG_WARN_CONSTANT_CONVERSION = YES;
				CLANG_WARN_DEPRECATED_OBJC_IMPLEMENTATIONS = YES;
				CLANG_WARN_DIRECT_OBJC_ISA_USAGE = YES_ERROR;
				CLANG_WARN_DOCUMENTATION_COMMENTS = YES;
				CLANG_WARN_EMPTY_BODY = YES;
				CLANG_WARN_ENUM_CONVERSION = YES;
				CLANG_WARN_INFINITE_RECURSION = YES;
				CLANG_WARN_INT_CONVERSION = YES;
				CLANG_WARN_NON_LITERAL_NULL_CONVERSION = YES;
				CLANG_WARN_OBJC_IMPLICIT_RETAIN_SELF = YES;
				CLANG_WARN_OBJC_LITERAL_CONVERSION = YES;
				CLANG_WARN_OBJC_ROOT_CLASS = YES_ERROR;
				CLANG_WARN_QUOTED_INCLUDE_IN_FRAMEWORK_HEADER = YES;
				CLANG_WARN_RANGE_LOOP_ANALYSIS = YES;
				CLANG_WARN_STRICT_PROTOTYPES = YES;
				CLANG_WARN_SUSPICIOUS_MOVE = YES;
				CLANG_WARN_UNGUARDED_AVAILABILITY = YES_AGGRESSIVE;
				CLANG_WARN_UNREACHABLE_CODE = YES;
				CLANG_WARN__DUPLICATE_METHOD_MATCH = YES;
				COPY_PHASE_STRIP = NO;
				DEBUG_INFORMATION_FORMAT = dwarf;
				ENABLE_STRICT_OBJC_MSGSEND = YES;
				ENABLE_TESTABILITY = YES;
				GCC_C_LANGUAGE_STANDARD = gnu11;
				GCC_DYNAMIC_NO_PIC = NO;
				GCC_NO_COMMON_BLOCKS = YES;
				GCC_OPTIMIZATION_LEVEL = 0;
				GCC_PREPROCESSOR_DEFINITIONS = (
					"DEBUG=1",
					"$(inherited)",
				);
				GCC_WARN_64_TO_32_BIT_CONVERSION = YES;
				GCC_WARN_ABOUT_RETURN_TYPE = YES_ERROR;
				GCC_WARN_UNDECLARED_SELECTOR = YES;
				GCC_WARN_UNINITIALIZED_AUTOS = YES_AGGRESSIVE;
				GCC_WARN_UNUSED_FUNCTION = YES;
				GCC_WARN_UNUSED_VARIABLE = YES;
				IPHONEOS_DEPLOYMENT_TARGET = 15.5;
				MTL_ENABLE_DEBUG_INFO = INCLUDE_SOURCE;
				MTL_FAST_MATH = YES;
				ONLY_ACTIVE_ARCH = YES;
				SDKROOT = iphoneos;
				SWIFT_ACTIVE_COMPILATION_CONDITIONS = DEBUG;
				SWIFT_OPTIMIZATION_LEVEL = "-Onone";
			};
			name = Debug;
		};
		D3BDE1892852110000AEC597 /* Release */ = {
			isa = XCBuildConfiguration;
			buildSettings = {
				ALWAYS_SEARCH_USER_PATHS = NO;
				CLANG_ANALYZER_NONNULL = YES;
				CLANG_ANALYZER_NUMBER_OBJECT_CONVERSION = YES_AGGRESSIVE;
				CLANG_CXX_LANGUAGE_STANDARD = "gnu++17";
				CLANG_ENABLE_MODULES = YES;
				CLANG_ENABLE_OBJC_ARC = YES;
				CLANG_ENABLE_OBJC_WEAK = YES;
				CLANG_WARN_BLOCK_CAPTURE_AUTORELEASING = YES;
				CLANG_WARN_BOOL_CONVERSION = YES;
				CLANG_WARN_COMMA = YES;
				CLANG_WARN_CONSTANT_CONVERSION = YES;
				CLANG_WARN_DEPRECATED_OBJC_IMPLEMENTATIONS = YES;
				CLANG_WARN_DIRECT_OBJC_ISA_USAGE = YES_ERROR;
				CLANG_WARN_DOCUMENTATION_COMMENTS = YES;
				CLANG_WARN_EMPTY_BODY = YES;
				CLANG_WARN_ENUM_CONVERSION = YES;
				CLANG_WARN_INFINITE_RECURSION = YES;
				CLANG_WARN_INT_CONVERSION = YES;
				CLANG_WARN_NON_LITERAL_NULL_CONVERSION = YES;
				CLANG_WARN_OBJC_IMPLICIT_RETAIN_SELF = YES;
				CLANG_WARN_OBJC_LITERAL_CONVERSION = YES;
				CLANG_WARN_OBJC_ROOT_CLASS = YES_ERROR;
				CLANG_WARN_QUOTED_INCLUDE_IN_FRAMEWORK_HEADER = YES;
				CLANG_WARN_RANGE_LOOP_ANALYSIS = YES;
				CLANG_WARN_STRICT_PROTOTYPES = YES;
				CLANG_WARN_SUSPICIOUS_MOVE = YES;
				CLANG_WARN_UNGUARDED_AVAILABILITY = YES_AGGRESSIVE;
				CLANG_WARN_UNREACHABLE_CODE = YES;
				CLANG_WARN__DUPLICATE_METHOD_MATCH = YES;
				COPY_PHASE_STRIP = NO;
				DEBUG_INFORMATION_FORMAT = "dwarf-with-dsym";
				ENABLE_NS_ASSERTIONS = NO;
				ENABLE_STRICT_OBJC_MSGSEND = YES;
				GCC_C_LANGUAGE_STANDARD = gnu11;
				GCC_NO_COMMON_BLOCKS = YES;
				GCC_WARN_64_TO_32_BIT_CONVERSION = YES;
				GCC_WARN_ABOUT_RETURN_TYPE = YES_ERROR;
				GCC_WARN_UNDECLARED_SELECTOR = YES;
				GCC_WARN_UNINITIALIZED_AUTOS = YES_AGGRESSIVE;
				GCC_WARN_UNUSED_FUNCTION = YES;
				GCC_WARN_UNUSED_VARIABLE = YES;
				IPHONEOS_DEPLOYMENT_TARGET = 15.5;
				MTL_ENABLE_DEBUG_INFO = NO;
				MTL_FAST_MATH = YES;
				SDKROOT = iphoneos;
				SWIFT_COMPILATION_MODE = wholemodule;
				SWIFT_OPTIMIZATION_LEVEL = "-O";
				VALIDATE_PRODUCT = YES;
			};
			name = Release;
		};
		D3BDE18B2852110000AEC597 /* Debug */ = {
			isa = XCBuildConfiguration;
			baseConfigurationReference = 5124DE68941F30BDA34E7722 /* Pods-WhatTheNews.debug.xcconfig */;
			buildSettings = {
				ASSETCATALOG_COMPILER_APPICON_NAME = AppIcon;
				ASSETCATALOG_COMPILER_GLOBAL_ACCENT_COLOR_NAME = AccentColor;
				CODE_SIGN_STYLE = Automatic;
				CURRENT_PROJECT_VERSION = 1;
				GENERATE_INFOPLIST_FILE = YES;
				INFOPLIST_FILE = WhatTheNews/Info.plist;
				INFOPLIST_KEY_UIApplicationSupportsIndirectInputEvents = YES;
				INFOPLIST_KEY_UILaunchStoryboardName = LaunchScreen;
				INFOPLIST_KEY_UIMainStoryboardFile = Main;
				INFOPLIST_KEY_UISupportedInterfaceOrientations_iPad = "UIInterfaceOrientationPortrait UIInterfaceOrientationPortraitUpsideDown UIInterfaceOrientationLandscapeLeft UIInterfaceOrientationLandscapeRight";
				INFOPLIST_KEY_UISupportedInterfaceOrientations_iPhone = "UIInterfaceOrientationPortrait UIInterfaceOrientationLandscapeLeft UIInterfaceOrientationLandscapeRight";
				LD_RUNPATH_SEARCH_PATHS = (
					"$(inherited)",
					"@executable_path/Frameworks",
				);
				MARKETING_VERSION = 1.0;
				PRODUCT_BUNDLE_IDENTIFIER = com.saniye.WhatTheNews;
				PRODUCT_NAME = "$(TARGET_NAME)";
				SWIFT_EMIT_LOC_STRINGS = YES;
				SWIFT_VERSION = 5.0;
				TARGETED_DEVICE_FAMILY = "1,2";
			};
			name = Debug;
		};
		D3BDE18C2852110000AEC597 /* Release */ = {
			isa = XCBuildConfiguration;
			baseConfigurationReference = BDFA8FF2E74B29687DD055A7 /* Pods-WhatTheNews.release.xcconfig */;
			buildSettings = {
				ASSETCATALOG_COMPILER_APPICON_NAME = AppIcon;
				ASSETCATALOG_COMPILER_GLOBAL_ACCENT_COLOR_NAME = AccentColor;
				CODE_SIGN_STYLE = Automatic;
				CURRENT_PROJECT_VERSION = 1;
				GENERATE_INFOPLIST_FILE = YES;
				INFOPLIST_FILE = WhatTheNews/Info.plist;
				INFOPLIST_KEY_UIApplicationSupportsIndirectInputEvents = YES;
				INFOPLIST_KEY_UILaunchStoryboardName = LaunchScreen;
				INFOPLIST_KEY_UIMainStoryboardFile = Main;
				INFOPLIST_KEY_UISupportedInterfaceOrientations_iPad = "UIInterfaceOrientationPortrait UIInterfaceOrientationPortraitUpsideDown UIInterfaceOrientationLandscapeLeft UIInterfaceOrientationLandscapeRight";
				INFOPLIST_KEY_UISupportedInterfaceOrientations_iPhone = "UIInterfaceOrientationPortrait UIInterfaceOrientationLandscapeLeft UIInterfaceOrientationLandscapeRight";
				LD_RUNPATH_SEARCH_PATHS = (
					"$(inherited)",
					"@executable_path/Frameworks",
				);
				MARKETING_VERSION = 1.0;
				PRODUCT_BUNDLE_IDENTIFIER = com.saniye.WhatTheNews;
				PRODUCT_NAME = "$(TARGET_NAME)";
				SWIFT_EMIT_LOC_STRINGS = YES;
				SWIFT_VERSION = 5.0;
				TARGETED_DEVICE_FAMILY = "1,2";
			};
			name = Release;
		};
/* End XCBuildConfiguration section */

/* Begin XCConfigurationList section */
		D3BDE171285210FE00AEC597 /* Build configuration list for PBXProject "WhatTheNews" */ = {
			isa = XCConfigurationList;
			buildConfigurations = (
				D3BDE1882852110000AEC597 /* Debug */,
				D3BDE1892852110000AEC597 /* Release */,
			);
			defaultConfigurationIsVisible = 0;
			defaultConfigurationName = Release;
		};
		D3BDE18A2852110000AEC597 /* Build configuration list for PBXNativeTarget "WhatTheNews" */ = {
			isa = XCConfigurationList;
			buildConfigurations = (
				D3BDE18B2852110000AEC597 /* Debug */,
				D3BDE18C2852110000AEC597 /* Release */,
			);
			defaultConfigurationIsVisible = 0;
			defaultConfigurationName = Release;
		};
/* End XCConfigurationList section */
	};
	rootObject = D3BDE16E285210FE00AEC597 /* Project object */;
}
